// !$*UTF8*$!
{
	archiveVersion = 1;
	classes = {
	};
	objectVersion = 50;
	objects = {

/* Begin PBXBuildFile section */
		47008EC226DC8AD0003125F7 /* IDESenpaiApp.swift in Sources */ = {isa = PBXBuildFile; fileRef = 47008EC126DC8AD0003125F7 /* IDESenpaiApp.swift */; };
		47008EC626DC8AD1003125F7 /* Assets.xcassets in Resources */ = {isa = PBXBuildFile; fileRef = 47008EC526DC8AD1003125F7 /* Assets.xcassets */; };
		47008EC926DC8AD1003125F7 /* Preview Assets.xcassets in Resources */ = {isa = PBXBuildFile; fileRef = 47008EC826DC8AD1003125F7 /* Preview Assets.xcassets */; };
		47008ED226DC8B09003125F7 /* AppUtils.swift in Sources */ = {isa = PBXBuildFile; fileRef = 47008ED126DC8B09003125F7 /* AppUtils.swift */; };
		47008ED426DC8B36003125F7 /* StartupView.swift in Sources */ = {isa = PBXBuildFile; fileRef = 47008ED326DC8B36003125F7 /* StartupView.swift */; };
		47008ED626DC8D8F003125F7 /* AppListView.swift in Sources */ = {isa = PBXBuildFile; fileRef = 47008ED526DC8D8F003125F7 /* AppListView.swift */; };
		47008ED826DCA1DB003125F7 /* SearchBar.swift in Sources */ = {isa = PBXBuildFile; fileRef = 47008ED726DCA1DB003125F7 /* SearchBar.swift */; };
		47FC77D426DD504600A8A452 /* appList.json in Resources */ = {isa = PBXBuildFile; fileRef = 47FC77D326DD504600A8A452 /* appList.json */; };
		47FC77D626DD925A00A8A452 /* MenuBarController.swift in Sources */ = {isa = PBXBuildFile; fileRef = 47FC77D526DD925A00A8A452 /* MenuBarController.swift */; };
/* End PBXBuildFile section */

/* Begin PBXFileReference section */
		47008EBE26DC8AD0003125F7 /* IDESenpai.app */ = {isa = PBXFileReference; explicitFileType = wrapper.application; includeInIndex = 0; path = IDESenpai.app; sourceTree = BUILT_PRODUCTS_DIR; };
		47008EC126DC8AD0003125F7 /* IDESenpaiApp.swift */ = {isa = PBXFileReference; lastKnownFileType = sourcecode.swift; path = IDESenpaiApp.swift; sourceTree = "<group>"; };
		47008EC526DC8AD1003125F7 /* Assets.xcassets */ = {isa = PBXFileReference; lastKnownFileType = folder.assetcatalog; path = Assets.xcassets; sourceTree = "<group>"; };
		47008EC826DC8AD1003125F7 /* Preview Assets.xcassets */ = {isa = PBXFileReference; lastKnownFileType = folder.assetcatalog; path = "Preview Assets.xcassets"; sourceTree = "<group>"; };
		47008ECA26DC8AD1003125F7 /* Info.plist */ = {isa = PBXFileReference; lastKnownFileType = text.plist.xml; path = Info.plist; sourceTree = "<group>"; };
		47008ECB26DC8AD1003125F7 /* IDESenpai.entitlements */ = {isa = PBXFileReference; lastKnownFileType = text.plist.entitlements; path = IDESenpai.entitlements; sourceTree = "<group>"; };
		47008ED126DC8B09003125F7 /* AppUtils.swift */ = {isa = PBXFileReference; lastKnownFileType = sourcecode.swift; path = AppUtils.swift; sourceTree = "<group>"; };
		47008ED326DC8B36003125F7 /* StartupView.swift */ = {isa = PBXFileReference; lastKnownFileType = sourcecode.swift; path = StartupView.swift; sourceTree = "<group>"; };
		47008ED526DC8D8F003125F7 /* AppListView.swift */ = {isa = PBXFileReference; lastKnownFileType = sourcecode.swift; path = AppListView.swift; sourceTree = "<group>"; };
		47008ED726DCA1DB003125F7 /* SearchBar.swift */ = {isa = PBXFileReference; lastKnownFileType = sourcecode.swift; path = SearchBar.swift; sourceTree = "<group>"; };
		47FC77D326DD504600A8A452 /* appList.json */ = {isa = PBXFileReference; lastKnownFileType = text.json; path = appList.json; sourceTree = "<group>"; };
		47FC77D526DD925A00A8A452 /* MenuBarController.swift */ = {isa = PBXFileReference; lastKnownFileType = sourcecode.swift; path = MenuBarController.swift; sourceTree = "<group>"; };
/* End PBXFileReference section */

/* Begin PBXFrameworksBuildPhase section */
		47008EBB26DC8AD0003125F7 /* Frameworks */ = {
			isa = PBXFrameworksBuildPhase;
			buildActionMask = 2147483647;
			files = (
			);
			runOnlyForDeploymentPostprocessing = 0;
		};
/* End PBXFrameworksBuildPhase section */

/* Begin PBXGroup section */
		47008EB526DC8AD0003125F7 = {
			isa = PBXGroup;
			children = (
				47008EC026DC8AD0003125F7 /* IDESenpai */,
				47008EBF26DC8AD0003125F7 /* Products */,
			);
			sourceTree = "<group>";
		};
		47008EBF26DC8AD0003125F7 /* Products */ = {
			isa = PBXGroup;
			children = (
				47008EBE26DC8AD0003125F7 /* IDESenpai.app */,
			);
			name = Products;
			sourceTree = "<group>";
		};
		47008EC026DC8AD0003125F7 /* IDESenpai */ = {
			isa = PBXGroup;
			children = (
				47008EC126DC8AD0003125F7 /* IDESenpaiApp.swift */,
				47008ED326DC8B36003125F7 /* StartupView.swift */,
				47008ED526DC8D8F003125F7 /* AppListView.swift */,
				47FC77D526DD925A00A8A452 /* MenuBarController.swift */,
				47008EC526DC8AD1003125F7 /* Assets.xcassets */,
				47008ED126DC8B09003125F7 /* AppUtils.swift */,
				47008ED726DCA1DB003125F7 /* SearchBar.swift */,
				47008ECA26DC8AD1003125F7 /* Info.plist */,
				47008ECB26DC8AD1003125F7 /* IDESenpai.entitlements */,
				47FC77D326DD504600A8A452 /* appList.json */,
				47008EC726DC8AD1003125F7 /* Preview Content */,
			);
			path = IDESenpai;
			sourceTree = "<group>";
		};
		47008EC726DC8AD1003125F7 /* Preview Content */ = {
			isa = PBXGroup;
			children = (
				47008EC826DC8AD1003125F7 /* Preview Assets.xcassets */,
			);
			path = "Preview Content";
			sourceTree = "<group>";
		};
/* End PBXGroup section */

/* Begin PBXNativeTarget section */
		47008EBD26DC8AD0003125F7 /* IDESenpai */ = {
			isa = PBXNativeTarget;
			buildConfigurationList = 47008ECE26DC8AD1003125F7 /* Build configuration list for PBXNativeTarget "IDESenpai" */;
			buildPhases = (
				47008EBA26DC8AD0003125F7 /* Sources */,
				47008EBB26DC8AD0003125F7 /* Frameworks */,
				47008EBC26DC8AD0003125F7 /* Resources */,
			);
			buildRules = (
			);
			dependencies = (
			);
			name = IDESenpai;
			productName = IDESenpai;
			productReference = 47008EBE26DC8AD0003125F7 /* IDESenpai.app */;
			productType = "com.apple.product-type.application";
		};
/* End PBXNativeTarget section */

/* Begin PBXProject section */
		47008EB626DC8AD0003125F7 /* Project object */ = {
			isa = PBXProject;
			attributes = {
				LastSwiftUpdateCheck = 1250;
				LastUpgradeCheck = 1250;
				TargetAttributes = {
					47008EBD26DC8AD0003125F7 = {
						CreatedOnToolsVersion = 12.5.1;
					};
				};
			};
			buildConfigurationList = 47008EB926DC8AD0003125F7 /* Build configuration list for PBXProject "IDESenpai" */;
			compatibilityVersion = "Xcode 9.3";
			developmentRegion = en;
			hasScannedForEncodings = 0;
			knownRegions = (
				en,
				Base,
			);
			mainGroup = 47008EB526DC8AD0003125F7;
			productRefGroup = 47008EBF26DC8AD0003125F7 /* Products */;
			projectDirPath = "";
			projectRoot = "";
			targets = (
				47008EBD26DC8AD0003125F7 /* IDESenpai */,
			);
		};
/* End PBXProject section */

/* Begin PBXResourcesBuildPhase section */
		47008EBC26DC8AD0003125F7 /* Resources */ = {
			isa = PBXResourcesBuildPhase;
			buildActionMask = 2147483647;
			files = (
				47008EC926DC8AD1003125F7 /* Preview Assets.xcassets in Resources */,
				47FC77D426DD504600A8A452 /* appList.json in Resources */,
				47008EC626DC8AD1003125F7 /* Assets.xcassets in Resources */,
			);
			runOnlyForDeploymentPostprocessing = 0;
		};
/* End PBXResourcesBuildPhase section */

/* Begin PBXSourcesBuildPhase section */
		47008EBA26DC8AD0003125F7 /* Sources */ = {
			isa = PBXSourcesBuildPhase;
			buildActionMask = 2147483647;
			files = (
				47008ED226DC8B09003125F7 /* AppUtils.swift in Sources */,
				47008ED426DC8B36003125F7 /* StartupView.swift in Sources */,
				47008EC226DC8AD0003125F7 /* IDESenpaiApp.swift in Sources */,
				47008ED626DC8D8F003125F7 /* AppListView.swift in Sources */,
				47FC77D626DD925A00A8A452 /* MenuBarController.swift in Sources */,
				47008ED826DCA1DB003125F7 /* SearchBar.swift in Sources */,
			);
			runOnlyForDeploymentPostprocessing = 0;
		};
/* End PBXSourcesBuildPhase section */

/* Begin XCBuildConfiguration section */
		47008ECC26DC8AD1003125F7 /* Debug */ = {
			isa = XCBuildConfiguration;
			buildSettings = {
				ALWAYS_SEARCH_USER_PATHS = NO;
				CLANG_ANALYZER_NONNULL = YES;
				CLANG_ANALYZER_NUMBER_OBJECT_CONVERSION = YES_AGGRESSIVE;
				CLANG_CXX_LANGUAGE_STANDARD = "gnu++14";
				CLANG_CXX_LIBRARY = "libc++";
				CLANG_ENABLE_MODULES = YES;
				CLANG_ENABLE_OBJC_ARC = YES;
				CLANG_ENABLE_OBJC_WEAK = YES;
				CLANG_WARN_BLOCK_CAPTURE_AUTORELEASING = YES;
				CLANG_WARN_BOOL_CONVERSION = YES;
				CLANG_WARN_COMMA = YES;
				CLANG_WARN_CONSTANT_CONVERSION = YES;
				CLANG_WARN_DEPRECATED_OBJC_IMPLEMENTATIONS = YES;
				CLANG_WARN_DIRECT_OBJC_ISA_USAGE = YES_ERROR;
				CLANG_WARN_DOCUMENTATION_COMMENTS = YES;
				CLANG_WARN_EMPTY_BODY = YES;
				CLANG_WARN_ENUM_CONVERSION = YES;
				CLANG_WARN_INFINITE_RECURSION = YES;
				CLANG_WARN_INT_CONVERSION = YES;
				CLANG_WARN_NON_LITERAL_NULL_CONVERSION = YES;
				CLANG_WARN_OBJC_IMPLICIT_RETAIN_SELF = YES;
				CLANG_WARN_OBJC_LITERAL_CONVERSION = YES;
				CLANG_WARN_OBJC_ROOT_CLASS = YES_ERROR;
				CLANG_WARN_QUOTED_INCLUDE_IN_FRAMEWORK_HEADER = YES;
				CLANG_WARN_RANGE_LOOP_ANALYSIS = YES;
				CLANG_WARN_STRICT_PROTOTYPES = YES;
				CLANG_WARN_SUSPICIOUS_MOVE = YES;
				CLANG_WARN_UNGUARDED_AVAILABILITY = YES_AGGRESSIVE;
				CLANG_WARN_UNREACHABLE_CODE = YES;
				CLANG_WARN__DUPLICATE_METHOD_MATCH = YES;
				COPY_PHASE_STRIP = NO;
				DEBUG_INFORMATION_FORMAT = dwarf;
				ENABLE_STRICT_OBJC_MSGSEND = YES;
				ENABLE_TESTABILITY = YES;
				GCC_C_LANGUAGE_STANDARD = gnu11;
				GCC_DYNAMIC_NO_PIC = NO;
				GCC_NO_COMMON_BLOCKS = YES;
				GCC_OPTIMIZATION_LEVEL = 0;
				GCC_PREPROCESSOR_DEFINITIONS = (
					"DEBUG=1",
					"$(inherited)",
				);
				GCC_WARN_64_TO_32_BIT_CONVERSION = YES;
				GCC_WARN_ABOUT_RETURN_TYPE = YES_ERROR;
				GCC_WARN_UNDECLARED_SELECTOR = YES;
				GCC_WARN_UNINITIALIZED_AUTOS = YES_AGGRESSIVE;
				GCC_WARN_UNUSED_FUNCTION = YES;
				GCC_WARN_UNUSED_VARIABLE = YES;
				MACOSX_DEPLOYMENT_TARGET = 11.3;
				MTL_ENABLE_DEBUG_INFO = INCLUDE_SOURCE;
				MTL_FAST_MATH = YES;
				ONLY_ACTIVE_ARCH = YES;
				SDKROOT = macosx;
				SWIFT_ACTIVE_COMPILATION_CONDITIONS = DEBUG;
				SWIFT_OPTIMIZATION_LEVEL = "-Onone";
			};
			name = Debug;
		};
		47008ECD26DC8AD1003125F7 /* Release */ = {
			isa = XCBuildConfiguration;
			buildSettings = {
				ALWAYS_SEARCH_USER_PATHS = NO;
				CLANG_ANALYZER_NONNULL = YES;
				CLANG_ANALYZER_NUMBER_OBJECT_CONVERSION = YES_AGGRESSIVE;
				CLANG_CXX_LANGUAGE_STANDARD = "gnu++14";
				CLANG_CXX_LIBRARY = "libc++";
				CLANG_ENABLE_MODULES = YES;
				CLANG_ENABLE_OBJC_ARC = YES;
				CLANG_ENABLE_OBJC_WEAK = YES;
				CLANG_WARN_BLOCK_CAPTURE_AUTORELEASING = YES;
				CLANG_WARN_BOOL_CONVERSION = YES;
				CLANG_WARN_COMMA = YES;
				CLANG_WARN_CONSTANT_CONVERSION = YES;
				CLANG_WARN_DEPRECATED_OBJC_IMPLEMENTATIONS = YES;
				CLANG_WARN_DIRECT_OBJC_ISA_USAGE = YES_ERROR;
				CLANG_WARN_DOCUMENTATION_COMMENTS = YES;
				CLANG_WARN_EMPTY_BODY = YES;
				CLANG_WARN_ENUM_CONVERSION = YES;
				CLANG_WARN_INFINITE_RECURSION = YES;
				CLANG_WARN_INT_CONVERSION = YES;
				CLANG_WARN_NON_LITERAL_NULL_CONVERSION = YES;
				CLANG_WARN_OBJC_IMPLICIT_RETAIN_SELF = YES;
				CLANG_WARN_OBJC_LITERAL_CONVERSION = YES;
				CLANG_WARN_OBJC_ROOT_CLASS = YES_ERROR;
				CLANG_WARN_QUOTED_INCLUDE_IN_FRAMEWORK_HEADER = YES;
				CLANG_WARN_RANGE_LOOP_ANALYSIS = YES;
				CLANG_WARN_STRICT_PROTOTYPES = YES;
				CLANG_WARN_SUSPICIOUS_MOVE = YES;
				CLANG_WARN_UNGUARDED_AVAILABILITY = YES_AGGRESSIVE;
				CLANG_WARN_UNREACHABLE_CODE = YES;
				CLANG_WARN__DUPLICATE_METHOD_MATCH = YES;
				COPY_PHASE_STRIP = NO;
				DEBUG_INFORMATION_FORMAT = "dwarf-with-dsym";
				ENABLE_NS_ASSERTIONS = NO;
				ENABLE_STRICT_OBJC_MSGSEND = YES;
				GCC_C_LANGUAGE_STANDARD = gnu11;
				GCC_NO_COMMON_BLOCKS = YES;
				GCC_WARN_64_TO_32_BIT_CONVERSION = YES;
				GCC_WARN_ABOUT_RETURN_TYPE = YES_ERROR;
				GCC_WARN_UNDECLARED_SELECTOR = YES;
				GCC_WARN_UNINITIALIZED_AUTOS = YES_AGGRESSIVE;
				GCC_WARN_UNUSED_FUNCTION = YES;
				GCC_WARN_UNUSED_VARIABLE = YES;
				MACOSX_DEPLOYMENT_TARGET = 11.3;
				MTL_ENABLE_DEBUG_INFO = NO;
				MTL_FAST_MATH = YES;
				SDKROOT = macosx;
				SWIFT_COMPILATION_MODE = wholemodule;
				SWIFT_OPTIMIZATION_LEVEL = "-O";
			};
			name = Release;
		};
		47008ECF26DC8AD1003125F7 /* Debug */ = {
			isa = XCBuildConfiguration;
			buildSettings = {
				ASSETCATALOG_COMPILER_APPICON_NAME = AppIcon;
				ASSETCATALOG_COMPILER_GLOBAL_ACCENT_COLOR_NAME = AccentColor;
				CODE_SIGN_ENTITLEMENTS = IDESenpai/IDESenpai.entitlements;
				CODE_SIGN_STYLE = Automatic;
				COMBINE_HIDPI_IMAGES = YES;
				DEVELOPMENT_ASSET_PATHS = "\"IDESenpai/Preview Content\"";
				ENABLE_PREVIEWS = YES;
				INFOPLIST_FILE = IDESenpai/Info.plist;
				LD_RUNPATH_SEARCH_PATHS = (
					"$(inherited)",
					"@executable_path/../Frameworks",
				);
				MACOSX_DEPLOYMENT_TARGET = 11.0;
				PRODUCT_BUNDLE_IDENTIFIER = com.andreaatzei.IDESenpai;
				PRODUCT_NAME = "$(TARGET_NAME)";
				SWIFT_VERSION = 5.0;
			};
			name = Debug;
		};
		47008ED026DC8AD1003125F7 /* Release */ = {
			isa = XCBuildConfiguration;
			buildSettings = {
				ASSETCATALOG_COMPILER_APPICON_NAME = AppIcon;
				ASSETCATALOG_COMPILER_GLOBAL_ACCENT_COLOR_NAME = AccentColor;
				CODE_SIGN_ENTITLEMENTS = IDESenpai/IDESenpai.entitlements;
				CODE_SIGN_STYLE = Automatic;
				COMBINE_HIDPI_IMAGES = YES;
				DEVELOPMENT_ASSET_PATHS = "\"IDESenpai/Preview Content\"";
				ENABLE_PREVIEWS = YES;
				INFOPLIST_FILE = IDESenpai/Info.plist;
				LD_RUNPATH_SEARCH_PATHS = (
					"$(inherited)",
					"@executable_path/../Frameworks",
				);
				MACOSX_DEPLOYMENT_TARGET = 11.0;
				PRODUCT_BUNDLE_IDENTIFIER = com.andreaatzei.IDESenpai;
				PRODUCT_NAME = "$(TARGET_NAME)";
				SWIFT_VERSION = 5.0;
			};
			name = Release;
		};
/* End XCBuildConfiguration section */

/* Begin XCConfigurationList section */
		47008EB926DC8AD0003125F7 /* Build configuration list for PBXProject "IDESenpai" */ = {
			isa = XCConfigurationList;
			buildConfigurations = (
				47008ECC26DC8AD1003125F7 /* Debug */,
				47008ECD26DC8AD1003125F7 /* Release */,
			);
			defaultConfigurationIsVisible = 0;
			defaultConfigurationName = Release;
		};
		47008ECE26DC8AD1003125F7 /* Build configuration list for PBXNativeTarget "IDESenpai" */ = {
			isa = XCConfigurationList;
			buildConfigurations = (
				47008ECF26DC8AD1003125F7 /* Debug */,
				47008ED026DC8AD1003125F7 /* Release */,
			);
			defaultConfigurationIsVisible = 0;
			defaultConfigurationName = Release;
		};
/* End XCConfigurationList section */
	};
	rootObject = 47008EB626DC8AD0003125F7 /* Project object */;
}
